
Microsoft Visual Studio Solution File, Format Version 12.00
# Visual Studio Version 16
VisualStudioVersion = 16.0.28803.202
MinimumVisualStudioVersion = 10.0.40219.1
Project("{8BC9CEB8-8B4A-11D0-8D11-00A0C91BC942}") = "Ejercicio1", "EjemplosClase\EjemplosClase.vcxproj", "{70F2A39A-0B5B-48C5-971C-D04625BF70BB}"
EndProject
Project("{8BC9CEB8-8B4A-11D0-8D11-00A0C91BC942}") = "Ejercicio2", "Ejercicio2\Ejercicio2.vcxproj", "{FEB31CD6-A6E7-4C5B-9F18-7FD223E0D5B7}"
EndProject
Project("{8BC9CEB8-8B4A-11D0-8D11-00A0C91BC942}") = "SFML", "SFML\SFML.vcxproj", "{896D9494-4C18-4619-861F-9ED5EAE70B91}"
EndProject
Project("{8BC9CEB8-8B4A-11D0-8D11-00A0C91BC942}") = "AA1", "AA1\AA1.vcxproj", "{B9429A63-6033-447F-9832-1B09A025F6D9}"
EndProject
Project("{8BC9CEB8-8B4A-11D0-8D11-00A0C91BC942}") = "AA3_Server", "AA3_Server\AA3_Server.vcxproj", "{C0E279C3-51C8-464E-B645-AF36A2452859}"
EndProject
Project("{8BC9CEB8-8B4A-11D0-8D11-00A0C91BC942}") = "AA3_Client", "AA3_Client\AA3_Client.vcxproj", "{8AC4746B-9CCA-478C-8B7C-519647CAFB51}"
EndProject
Global
	GlobalSection(SolutionConfigurationPlatforms) = preSolution
		Debug|x64 = Debug|x64
		Debug|x86 = Debug|x86
		Release|x64 = Release|x64
		Release|x86 = Release|x86
	EndGlobalSection
	GlobalSection(ProjectConfigurationPlatforms) = postSolution
		{70F2A39A-0B5B-48C5-971C-D04625BF70BB}.Debug|x64.ActiveCfg = Debug|x64
		{70F2A39A-0B5B-48C5-971C-D04625BF70BB}.Debug|x64.Build.0 = Debug|x64
		{70F2A39A-0B5B-48C5-971C-D04625BF70BB}.Debug|x86.ActiveCfg = Debug|Win32
		{70F2A39A-0B5B-48C5-971C-D04625BF70BB}.Debug|x86.Build.0 = Debug|Win32
		{70F2A39A-0B5B-48C5-971C-D04625BF70BB}.Release|x64.ActiveCfg = Release|x64
		{70F2A39A-0B5B-48C5-971C-D04625BF70BB}.Release|x64.Build.0 = Release|x64
		{70F2A39A-0B5B-48C5-971C-D04625BF70BB}.Release|x86.ActiveCfg = Release|Win32
		{70F2A39A-0B5B-48C5-971C-D04625BF70BB}.Release|x86.Build.0 = Release|Win32
		{FEB31CD6-A6E7-4C5B-9F18-7FD223E0D5B7}.Debug|x64.ActiveCfg = Debug|x64
		{FEB31CD6-A6E7-4C5B-9F18-7FD223E0D5B7}.Debug|x64.Build.0 = Debug|x64
		{FEB31CD6-A6E7-4C5B-9F18-7FD223E0D5B7}.Debug|x86.ActiveCfg = Debug|Win32
		{FEB31CD6-A6E7-4C5B-9F18-7FD223E0D5B7}.Debug|x86.Build.0 = Debug|Win32
		{FEB31CD6-A6E7-4C5B-9F18-7FD223E0D5B7}.Release|x64.ActiveCfg = Release|x64
		{FEB31CD6-A6E7-4C5B-9F18-7FD223E0D5B7}.Release|x64.Build.0 = Release|x64
		{FEB31CD6-A6E7-4C5B-9F18-7FD223E0D5B7}.Release|x86.ActiveCfg = Release|Win32
		{FEB31CD6-A6E7-4C5B-9F18-7FD223E0D5B7}.Release|x86.Build.0 = Release|Win32
		{896D9494-4C18-4619-861F-9ED5EAE70B91}.Debug|x64.ActiveCfg = Debug|x64
		{896D9494-4C18-4619-861F-9ED5EAE70B91}.Debug|x64.Build.0 = Debug|x64
		{896D9494-4C18-4619-861F-9ED5EAE70B91}.Debug|x86.ActiveCfg = Debug|Win32
		{896D9494-4C18-4619-861F-9ED5EAE70B91}.Debug|x86.Build.0 = Debug|Win32
		{896D9494-4C18-4619-861F-9ED5EAE70B91}.Release|x64.ActiveCfg = Release|x64
		{896D9494-4C18-4619-861F-9ED5EAE70B91}.Release|x64.Build.0 = Release|x64
		{896D9494-4C18-4619-861F-9ED5EAE70B91}.Release|x86.ActiveCfg = Release|Win32
		{896D9494-4C18-4619-861F-9ED5EAE70B91}.Release|x86.Build.0 = Release|Win32
		{B9429A63-6033-447F-9832-1B09A025F6D9}.Debug|x64.ActiveCfg = Debug|x64
		{B9429A63-6033-447F-9832-1B09A025F6D9}.Debug|x64.Build.0 = Debug|x64
		{B9429A63-6033-447F-9832-1B09A025F6D9}.Debug|x86.ActiveCfg = Debug|Win32
		{B9429A63-6033-447F-9832-1B09A025F6D9}.Debug|x86.Build.0 = Debug|Win32
		{B9429A63-6033-447F-9832-1B09A025F6D9}.Release|x64.ActiveCfg = Release|x64
		{B9429A63-6033-447F-9832-1B09A025F6D9}.Release|x64.Build.0 = Release|x64
		{B9429A63-6033-447F-9832-1B09A025F6D9}.Release|x86.ActiveCfg = Release|Win32
		{B9429A63-6033-447F-9832-1B09A025F6D9}.Release|x86.Build.0 = Release|Win32
		{C0E279C3-51C8-464E-B645-AF36A2452859}.Debug|x64.ActiveCfg = Debug|x64
		{C0E279C3-51C8-464E-B645-AF36A2452859}.Debug|x64.Build.0 = Debug|x64
		{C0E279C3-51C8-464E-B645-AF36A2452859}.Debug|x86.ActiveCfg = Debug|Win32
		{C0E279C3-51C8-464E-B645-AF36A2452859}.Debug|x86.Build.0 = Debug|Win32
		{C0E279C3-51C8-464E-B645-AF36A2452859}.Release|x64.ActiveCfg = Release|x64
		{C0E279C3-51C8-464E-B645-AF36A2452859}.Release|x64.Build.0 = Release|x64
		{C0E279C3-51C8-464E-B645-AF36A2452859}.Release|x86.ActiveCfg = Release|Win32
		{C0E279C3-51C8-464E-B645-AF36A2452859}.Release|x86.Build.0 = Release|Win32
		{8AC4746B-9CCA-478C-8B7C-519647CAFB51}.Debug|x64.ActiveCfg = Debug|x64
		{8AC4746B-9CCA-478C-8B7C-519647CAFB51}.Debug|x64.Build.0 = Debug|x64
		{8AC4746B-9CCA-478C-8B7C-519647CAFB51}.Debug|x86.ActiveCfg = Debug|Win32
		{8AC4746B-9CCA-478C-8B7C-519647CAFB51}.Debug|x86.Build.0 = Debug|Win32
		{8AC4746B-9CCA-478C-8B7C-519647CAFB51}.Release|x64.ActiveCfg = Release|x64
		{8AC4746B-9CCA-478C-8B7C-519647CAFB51}.Release|x64.Build.0 = Release|x64
		{8AC4746B-9CCA-478C-8B7C-519647CAFB51}.Release|x86.ActiveCfg = Release|Win32
		{8AC4746B-9CCA-478C-8B7C-519647CAFB51}.Release|x86.Build.0 = Release|Win32
	EndGlobalSection
	GlobalSection(SolutionProperties) = preSolution
		HideSolutionNode = FALSE
	EndGlobalSection
	GlobalSection(ExtensibilityGlobals) = postSolution
		SolutionGuid = {AEA88087-707D-441C-9FEF-2D04604D7726}
	EndGlobalSection
EndGlobal
